
Microsoft Visual Studio Solution File, Format Version 12.00
# Visual Studio 2015
Project("{FAE04EC0-301F-11D3-BF4B-00C04F79EFBC}") = "Eismann.CSharp", "Eismann.CSharp.csproj", "{FC656B31-3933-F977-4AE7-6D43D1B5EA37}"
EndProject
Project("{FAE04EC0-301F-11D3-BF4B-00C04F79EFBC}") = "Eismann.CSharp.Editor", "Eismann.CSharp.Editor.csproj", "{7AA096C0-16BE-D1B8-894E-422BA8414D61}"
EndProject
Global
	GlobalSection(SolutionConfigurationPlatforms) = preSolution
		Debug|Any CPU = Debug|Any CPU
		Release|Any CPU = Release|Any CPU
	EndGlobalSection
	GlobalSection(ProjectConfigurationPlatforms) = postSolution
		{FC656B31-3933-F977-4AE7-6D43D1B5EA37}.Debug|Any CPU.ActiveCfg = Debug|Any CPU
		{FC656B31-3933-F977-4AE7-6D43D1B5EA37}.Debug|Any CPU.Build.0 = Debug|Any CPU
		{FC656B31-3933-F977-4AE7-6D43D1B5EA37}.Release|Any CPU.ActiveCfg = Release|Any CPU
		{FC656B31-3933-F977-4AE7-6D43D1B5EA37}.Release|Any CPU.Build.0 = Release|Any CPU
		{7AA096C0-16BE-D1B8-894E-422BA8414D61}.Debug|Any CPU.ActiveCfg = Debug|Any CPU
		{7AA096C0-16BE-D1B8-894E-422BA8414D61}.Debug|Any CPU.Build.0 = Debug|Any CPU
		{7AA096C0-16BE-D1B8-894E-422BA8414D61}.Release|Any CPU.ActiveCfg = Release|Any CPU
		{7AA096C0-16BE-D1B8-894E-422BA8414D61}.Release|Any CPU.Build.0 = Release|Any CPU
	EndGlobalSection
	GlobalSection(SolutionProperties) = preSolution
		HideSolutionNode = FALSE
	EndGlobalSection
EndGlobal
